{
  "version": 4,
  "terraform_version": "1.3.7",
  "serial": 12,
  "lineage": "bc086449-985b-4a67-6488-86cefcf2924e",
  "outputs": {},
  "resources": [
    {
      "mode": "data",
      "type": "aws_route53_zone",
      "name": "default",
      "provider": "provider[\"registry.terraform.io/hashicorp/aws\"]",
      "instances": [
        {
          "schema_version": 0,
          "attributes": {
            "arn": "arn:aws:route53:::hostedzone/Z04069148AHM96UE5L8F",
            "caller_reference": "b5bed3f1-dda8-4636-b22c-24eefc61e269",
            "comment": "",
            "id": "Z04069148AHM96UE5L8F",
            "linked_service_description": null,
            "linked_service_principal": null,
            "name": "school.au",
            "name_servers": [
              "ns-1119.awsdns-11.org",
              "ns-1676.awsdns-17.co.uk",
              "ns-45.awsdns-05.com",
              "ns-559.awsdns-05.net"
            ],
            "primary_name_server": "ns-1119.awsdns-11.org",
            "private_zone": false,
            "resource_record_set_count": 2,
            "tags": {},
            "vpc_id": null,
            "zone_id": "Z04069148AHM96UE5L8F"
          },
          "sensitive_attributes": []
        }
      ]
    },
    {
      "mode": "managed",
      "type": "aws_key_pair",
      "name": "this",
      "provider": "provider[\"registry.terraform.io/hashicorp/aws\"]",
      "instances": [
        {
          "schema_version": 1,
          "attributes": {
            "arn": "arn:aws:ec2:ap-southeast-2:468460113372:key-pair/school",
            "fingerprint": "AqF5W6YPG9Xp3SVHFi7JIePrLV0aw/dZavMKVrEnUIk=",
            "id": "school",
            "key_name": "school",
            "key_name_prefix": "",
            "key_pair_id": "key-0700895f0cc62e17e",
            "key_type": "ed25519",
            "public_key": "ssh-ed25519 AAAAC3NzaC1lZDI1NTE5AAAAIAfrsZ1Gk2DtyxLbcrSLN5dTvLz4LcsAC2Dn58/NzzlA yrzhang@thoughtworks.com",
            "tags": {
              "env": "school"
            },
            "tags_all": {
              "env": "school"
            }
          },
          "sensitive_attributes": [],
          "private": "eyJzY2hlbWFfdmVyc2lvbiI6IjEifQ=="
        }
      ]
    },
    {
      "mode": "managed",
      "type": "aws_route53_record",
      "name": "bastion",
      "provider": "provider[\"registry.terraform.io/hashicorp/aws\"]",
      "instances": [
        {
          "index_key": 0,
          "schema_version": 2,
          "attributes": {
            "alias": [],
            "allow_overwrite": true,
            "failover_routing_policy": [],
            "fqdn": "school.au.com.school.au",
            "geolocation_routing_policy": [],
            "health_check_id": null,
            "id": "Z04069148AHM96UE5L8F_school.au.com_A",
            "latency_routing_policy": [],
            "multivalue_answer_routing_policy": null,
            "name": "school.au.com",
            "records": [
              "13.236.36.238"
            ],
            "set_identifier": null,
            "ttl": 300,
            "type": "A",
            "weighted_routing_policy": [],
            "zone_id": "Z04069148AHM96UE5L8F"
          },
          "sensitive_attributes": [],
          "private": "eyJzY2hlbWFfdmVyc2lvbiI6IjIifQ==",
          "dependencies": [
            "data.aws_route53_zone.default",
            "module.ec2_instance.aws_instance.this",
            "module.ec2_instance.aws_spot_instance_request.this"
          ]
        }
      ]
    },
    {
      "module": "module.ec2_instance",
      "mode": "data",
      "type": "aws_partition",
      "name": "current",
      "provider": "provider[\"registry.terraform.io/hashicorp/aws\"]",
      "instances": [
        {
          "schema_version": 0,
          "attributes": {
            "dns_suffix": "amazonaws.com",
            "id": "aws",
            "partition": "aws",
            "reverse_dns_prefix": "com.amazonaws"
          },
          "sensitive_attributes": []
        }
      ]
    },
    {
      "module": "module.ec2_instance",
      "mode": "data",
      "type": "aws_ssm_parameter",
      "name": "this",
      "provider": "provider[\"registry.terraform.io/hashicorp/aws\"]",
      "instances": [
        {
          "index_key": 0,
          "schema_version": 0,
          "attributes": {
            "arn": "arn:aws:ssm:ap-southeast-2::parameter/aws/service/ami-amazon-linux-latest/amzn2-ami-hvm-x86_64-gp2",
            "id": "/aws/service/ami-amazon-linux-latest/amzn2-ami-hvm-x86_64-gp2",
            "name": "/aws/service/ami-amazon-linux-latest/amzn2-ami-hvm-x86_64-gp2",
            "type": "String",
            "value": "ami-01ada6dc08c623d60",
            "version": 78,
            "with_decryption": true
          },
          "sensitive_attributes": []
        }
      ]
    },
    {
      "module": "module.ec2_instance",
      "mode": "managed",
      "type": "aws_instance",
      "name": "this",
      "provider": "provider[\"registry.terraform.io/hashicorp/aws\"]",
      "instances": [
        {
          "index_key": 0,
          "schema_version": 1,
          "attributes": {
            "ami": "ami-023dd49682f8a7c2b",
            "arn": "arn:aws:ec2:ap-southeast-2:468460113372:instance/i-04835fe5c9868816b",
            "associate_public_ip_address": true,
            "availability_zone": "ap-southeast-2a",
            "capacity_reservation_specification": [
              {
                "capacity_reservation_preference": "open",
                "capacity_reservation_target": []
              }
            ],
            "cpu_core_count": 1,
            "cpu_threads_per_core": 1,
            "credit_specification": [
              {
                "cpu_credits": "standard"
              }
            ],
            "disable_api_stop": false,
            "disable_api_termination": false,
            "ebs_block_device": [],
            "ebs_optimized": false,
            "enclave_options": [
              {
                "enabled": false
              }
            ],
            "ephemeral_block_device": [],
            "get_password_data": false,
            "hibernation": false,
            "host_id": "",
            "host_resource_group_arn": null,
            "iam_instance_profile": "",
            "id": "i-04835fe5c9868816b",
            "instance_initiated_shutdown_behavior": "stop",
            "instance_state": "running",
            "instance_type": "t2.small",
            "ipv6_address_count": 0,
            "ipv6_addresses": [],
            "key_name": "school",
            "launch_template": [],
            "maintenance_options": [
              {
                "auto_recovery": "default"
              }
            ],
            "metadata_options": [
              {
                "http_endpoint": "enabled",
                "http_put_response_hop_limit": 1,
                "http_tokens": "optional",
                "instance_metadata_tags": "disabled"
              }
            ],
            "monitoring": true,
            "network_interface": [],
            "outpost_arn": "",
            "password_data": "",
            "placement_group": "",
            "placement_partition_number": 0,
            "primary_network_interface_id": "eni-02ba8e23f36108240",
            "private_dns": "ip-10-0-1-65.ap-southeast-2.compute.internal",
            "private_dns_name_options": [
              {
                "enable_resource_name_dns_a_record": false,
                "enable_resource_name_dns_aaaa_record": false,
                "hostname_type": "ip-name"
              }
            ],
            "private_ip": "10.0.1.65",
            "public_dns": "",
            "public_ip": "13.236.36.238",
            "root_block_device": [
              {
                "delete_on_termination": true,
                "device_name": "/dev/xvda",
                "encrypted": false,
                "iops": 100,
                "kms_key_id": "",
                "tags": {},
                "throughput": 0,
                "volume_id": "vol-0c7246874420c76d5",
                "volume_size": 8,
                "volume_type": "gp2"
              }
            ],
            "secondary_private_ips": [],
            "security_groups": [],
            "source_dest_check": true,
            "subnet_id": "subnet-0d0092b39768fba07",
            "tags": {
              "Environment": "dev",
              "Name": "single-instance",
              "Terraform": "true"
            },
            "tags_all": {
              "Environment": "dev",
              "Name": "single-instance",
              "Terraform": "true"
            },
            "tenancy": "default",
            "timeouts": {
              "create": null,
              "delete": null,
              "update": null
            },
            "user_data": null,
            "user_data_base64": null,
            "user_data_replace_on_change": false,
            "volume_tags": {
              "Name": "single-instance"
            },
            "vpc_security_group_ids": [
              "sg-0a4693cdb0b3b7483"
            ]
          },
          "sensitive_attributes": [
            [
              {
                "type": "get_attr",
                "value": "ami"
              }
            ]
          ],
          "private": "eyJlMmJmYjczMC1lY2FhLTExZTYtOGY4OC0zNDM2M2JjN2M0YzAiOnsiY3JlYXRlIjo2MDAwMDAwMDAwMDAsImRlbGV0ZSI6MTIwMDAwMDAwMDAwMCwidXBkYXRlIjo2MDAwMDAwMDAwMDB9LCJzY2hlbWFfdmVyc2lvbiI6IjEifQ==",
          "dependencies": [
            "module.ec2_instance.aws_iam_instance_profile.this",
            "module.ec2_instance.aws_iam_role.this",
            "module.ec2_instance.data.aws_iam_policy_document.assume_role_policy",
            "module.ec2_instance.data.aws_partition.current",
            "module.ec2_instance.data.aws_ssm_parameter.this"
          ]
        }
      ]
    }
  ],
  "check_results": null
}
