{
  "version": 4,
  "terraform_version": "1.3.7",
  "serial": 2,
  "lineage": "df846b70-cde0-b63c-f635-2437c2ce5fef",
  "outputs": {
    "ecr_repository_url": {
      "value": "468460113372.dkr.ecr.ap-southeast-2.amazonaws.com/school-ecr",
      "type": "string"
    }
  },
  "resources": [
    {
      "mode": "managed",
      "type": "aws_ecr_repository",
      "name": "school_ecr",
      "provider": "provider[\"registry.terraform.io/hashicorp/aws\"]",
      "instances": [
        {
          "schema_version": 0,
          "attributes": {
            "arn": "arn:aws:ecr:ap-southeast-2:468460113372:repository/school-ecr",
            "encryption_configuration": [
              {
                "encryption_type": "AES256",
                "kms_key": ""
              }
            ],
            "force_delete": null,
            "id": "school-ecr",
            "image_scanning_configuration": [
              {
                "scan_on_push": false
              }
            ],
            "image_tag_mutability": "MUTABLE",
            "name": "school-ecr",
            "registry_id": "468460113372",
            "repository_url": "468460113372.dkr.ecr.ap-southeast-2.amazonaws.com/school-ecr",
            "tags": null,
            "tags_all": {},
            "timeouts": null
          },
          "sensitive_attributes": [],
          "private": "eyJlMmJmYjczMC1lY2FhLTExZTYtOGY4OC0zNDM2M2JjN2M0YzAiOnsiZGVsZXRlIjoxMjAwMDAwMDAwMDAwfX0="
        }
      ]
    }
  ],
  "check_results": null
}
